<?xml version="1.0" encoding="utf-8"?>
<Project ToolsVersion="4.0" xmlns="http://schemas.microsoft.com/developer/msbuild/2003">
  <ItemGroup>
    <ClCompile Include="TCPClientSocket.cpp">
      <Filter>src</Filter>
    </ClCompile>
    <ClCompile Include="main.cpp">
      <Filter>src</Filter>
    </ClCompile>
  </ItemGroup>
  <ItemGroup>
    <ClInclude Include="TCPClientSocket.h">
      <Filter>Include</Filter>
    </ClInclude>
    <ClInclude Include="DataDefine.h">
      <Filter>Include</Filter>
    </ClInclude>
    <ClInclude Include="RC4Engine.h">
      <Filter>Include</Filter>
    </ClInclude>
  </ItemGroup>
  <ItemGroup>
    <Filter Include="Include">
      <UniqueIdentifier>{285c2c9a-6609-4b7e-80f6-cca458afd291}</UniqueIdentifier>
    </Filter>
    <Filter Include="src">
      <UniqueIdentifier>{33838cae-d652-46d8-ba8c-1b4d53fa14bd}</UniqueIdentifier>
    </Filter>
  </ItemGroup>
</Project>